
Microsoft Visual Studio Solution File, Format Version 12.00
# Visual Studio Version 18
VisualStudioVersion = 18.1.11312.151
MinimumVisualStudioVersion = 10.0.40219.1
Project("{9A19103F-16F7-4668-BE54-9A1E7A4F7556}") = "Core.OS", "src\Core.OS\Core.OS.csproj", "{D1C80A23-8C89-476C-B075-3CD4962AF006}"
EndProject
Project("{2150E333-8FDC-42A3-9474-1A3956D46DE8}") = "src", "src", "{F47393E4-6008-4642-BA2E-708BB07277AA}"
EndProject
Project("{2150E333-8FDC-42A3-9474-1A3956D46DE8}") = "tests", "tests", "{8FA3EC2B-EF18-4825-983F-6E5E3295E7E7}"
EndProject
Project("{2150E333-8FDC-42A3-9474-1A3956D46DE8}") = "Solution Items", "Solution Items", "{9345D226-9210-4332-9CF5-58F2DAFD44BD}"
	ProjectSection(SolutionItems) = preProject
		.editorconfig = .editorconfig
		.gitignore = .gitignore
		.gitlab-ci.yml = .gitlab-ci.yml
		.globalconfig = .globalconfig
		CHANGELOG.md = CHANGELOG.md
		Directory.Build.props = Directory.Build.props
		Directory.Packages.props = Directory.Packages.props
		eslint.config.mjs = eslint.config.mjs
		global.json = global.json
		NuGet.Config = NuGet.Config
		package.json = package.json
		README.md = README.md
		tests.runsettings = tests.runsettings
		tsconfig.json = tsconfig.json
		VERSION = VERSION
		VERSION_HOSTMANAGEMENT = VERSION_HOSTMANAGEMENT
		xunit.runner.json = xunit.runner.json
	EndProjectSection
EndProject
Project("{9A19103F-16F7-4668-BE54-9A1E7A4F7556}") = "Core.OS.Tests", "tests\Core.OS.Tests\Core.OS.Tests.csproj", "{E8EAB1C5-FABF-466D-A3C9-46C0B297177A}"
EndProject
Project("{9A19103F-16F7-4668-BE54-9A1E7A4F7556}") = "Blazor.Shared", "src\Blazor.Shared\Blazor.Shared.csproj", "{6BD16979-0CBD-4E9F-8E9A-9517EF688A66}"
	ProjectSection(ProjectDependencies) = postProject
		{AB9378E1-4043-4912-B864-3B6CC02FEB6A} = {AB9378E1-4043-4912-B864-3B6CC02FEB6A}
	EndProjectSection
EndProject
Project("{9A19103F-16F7-4668-BE54-9A1E7A4F7556}") = "Core.Shared", "src\Core.Shared\Core.Shared.csproj", "{941AF576-A8CB-47C2-8626-5AD4F8119052}"
EndProject
Project("{2150E333-8FDC-42A3-9474-1A3956D46DE8}") = "tools", "tools", "{3332F3AC-71AF-4C3C-879D-61CCDA550317}"
EndProject
Project("{9A19103F-16F7-4668-BE54-9A1E7A4F7556}") = "Burger.Backend", "samples\Burger.Backend\Burger.Backend.csproj", "{81845765-DE3F-4E3A-B295-13CE1695AD16}"
EndProject
Project("{2150E333-8FDC-42A3-9474-1A3956D46DE8}") = "samples", "samples", "{54C6AB57-1978-4DDE-82B2-D80AD2959796}"
EndProject
Project("{9A19103F-16F7-4668-BE54-9A1E7A4F7556}") = "Burger.Public", "samples\Burger.Public\Burger.Public.csproj", "{B88E81A0-A70D-499D-96FF-D8AC98E13FEA}"
EndProject
Project("{9A19103F-16F7-4668-BE54-9A1E7A4F7556}") = "Burger.Client", "samples\Burger.Client\Burger.Client.csproj", "{FE748EC7-65D0-4982-B974-615AAC5D5AA5}"
	ProjectSection(ProjectDependencies) = postProject
		{AB9378E1-4043-4912-B864-3B6CC02FEB6A} = {AB9378E1-4043-4912-B864-3B6CC02FEB6A}
	EndProjectSection
EndProject
Project("{9A19103F-16F7-4668-BE54-9A1E7A4F7556}") = "Burger.Internal", "samples\Burger.Internal\Burger.Internal.csproj", "{A0BF6B17-5BBF-43FB-8BB5-FE243030A19E}"
EndProject
Project("{9A19103F-16F7-4668-BE54-9A1E7A4F7556}") = "Burger.Tests", "tests\Burger.Tests\Burger.Tests.csproj", "{5AE821E3-1AB9-4ECE-B0FB-2216AD2B2F35}"
EndProject
Project("{2150E333-8FDC-42A3-9474-1A3956D46DE8}") = "Burger", "Burger", "{738A5745-017A-481B-9BDA-8CACF8D9F0E1}"
EndProject
Project("{9A19103F-16F7-4668-BE54-9A1E7A4F7556}") = "TestModule.Backend", "tests\TestModule.Backend\TestModule.Backend.csproj", "{77222F66-04D0-4B1D-BCF0-38D14E52B61D}"
EndProject
Project("{9A19103F-16F7-4668-BE54-9A1E7A4F7556}") = "TestModule.Client", "tests\TestModule.Client\TestModule.Client.csproj", "{7C7ECA34-F0EF-4A2C-BD8D-F68BBA03CBF6}"
EndProject
Project("{2150E333-8FDC-42A3-9474-1A3956D46DE8}") = "Sdk", "Sdk", "{00B27F2E-FBAB-453A-BBF7-ECB8A140F856}"
EndProject
Project("{9A19103F-16F7-4668-BE54-9A1E7A4F7556}") = "JiTChat.Tests", "tests\JiTChat.Tests\JiTChat.Tests.csproj", "{D501F0C4-699D-4722-8511-2C833C5903D7}"
EndProject
Project("{2150E333-8FDC-42A3-9474-1A3956D46DE8}") = "JiTChat", "JiTChat", "{E3419719-FED5-47C7-B341-643846A57E47}"
EndProject
Project("{9A19103F-16F7-4668-BE54-9A1E7A4F7556}") = "JiTChat.Backend", "samples\JiTChat.Backend\JiTChat.Backend.csproj", "{0C372B23-ED6B-4CF9-9527-1B344AAF8CA4}"
EndProject
Project("{9A19103F-16F7-4668-BE54-9A1E7A4F7556}") = "JiTChat.Client", "samples\JiTChat.Client\JiTChat.Client.csproj", "{72540C53-8C61-4FDB-9235-CF8F119D7387}"
EndProject
Project("{9A19103F-16F7-4668-BE54-9A1E7A4F7556}") = "JiTChat.Public", "samples\JiTChat.Public\JiTChat.Public.csproj", "{4032E9A2-2AD6-407E-B4D4-6F1C603D71C9}"
EndProject
Project("{9A19103F-16F7-4668-BE54-9A1E7A4F7556}") = "Blazor.Server.Backend", "src\Blazor.Server.Backend\Blazor.Server.Backend.csproj", "{1CAC8B4C-B083-4F2C-A8F1-76495BDB4A33}"
EndProject
Project("{9A19103F-16F7-4668-BE54-9A1E7A4F7556}") = "Blazor.DevAssets", "src\Blazor.DevAssets\Blazor.DevAssets.csproj", "{000CE1FE-948B-4C79-B463-56A668D1E4F9}"
EndProject
Project("{9A19103F-16F7-4668-BE54-9A1E7A4F7556}") = "Blazor.Server.Tests", "tests\Blazor.Server.Tests\Blazor.Server.Tests.csproj", "{BFD32E20-0A9F-4A26-8769-59B2A4C6369E}"
EndProject
Project("{9A19103F-16F7-4668-BE54-9A1E7A4F7556}") = "Blazor.Shared.Tests", "tests\Blazor.Shared.Tests\Blazor.Shared.Tests.csproj", "{84354D3B-C525-45C6-90CF-4F6DCD067F36}"
EndProject
Project("{9A19103F-16F7-4668-BE54-9A1E7A4F7556}") = "Blazor.DevAssets.Tests", "tests\Blazor.DevAssets.Tests\Blazor.DevAssets.Tests.csproj", "{6F582170-7423-4895-8E00-B9376A0E816D}"
EndProject
Project("{2150E333-8FDC-42A3-9474-1A3956D46DE8}") = "Modules", "Modules", "{0926EF74-1B88-44A5-AF1C-830153920DB6}"
EndProject
Project("{9A19103F-16F7-4668-BE54-9A1E7A4F7556}") = "Core.Module", "src\Core.Module\Core.Module.csproj", "{2FD929C1-A5EC-4003-ADFB-E69FFCA6252C}"
EndProject
Project("{9A19103F-16F7-4668-BE54-9A1E7A4F7556}") = "Suite.Deps", "tools\Suite.Deps\Suite.Deps.csproj", "{39D94651-CDF6-4790-B43B-2DA9B9C4ACDD}"
EndProject
Project("{9A19103F-16F7-4668-BE54-9A1E7A4F7556}") = "TestUiHost.Backend", "tests\TestUiHost.Backend\TestUiHost.Backend.csproj", "{777F64F0-3D1D-411C-8A1B-5BA54C3403B8}"
EndProject
Project("{9A19103F-16F7-4668-BE54-9A1E7A4F7556}") = "Core.Module.Tests", "tests\Core.Module.Tests\Core.Module.Tests.csproj", "{0A00AFEB-246A-40A3-9BB7-E7D5B3CC9D73}"
EndProject
Project("{9A19103F-16F7-4668-BE54-9A1E7A4F7556}") = "Core.Tests.Tools", "tests\Core.Tests.Tools\Core.Tests.Tools.csproj", "{DF516BB3-CAE9-4D2A-9244-924ACA3C703A}"
EndProject
Project("{9A19103F-16F7-4668-BE54-9A1E7A4F7556}") = "TestSystem.Backend", "tests\TestSystem.Backend\TestSystem.Backend.csproj", "{656DBF2B-AE01-45EF-BA30-6CC9794E62A0}"
EndProject
Project("{9A19103F-16F7-4668-BE54-9A1E7A4F7556}") = "Blazor.Tests.Tools", "tests\Blazor.Tests.Tools\Blazor.Tests.Tools.csproj", "{DA0AAF47-A829-41B4-A48B-3ECD200D2BDD}"
EndProject
Project("{2150E333-8FDC-42A3-9474-1A3956D46DE8}") = "docs", "docs", "{BCB04763-BF60-40E4-B040-0F988EAED6A2}"
	ProjectSection(SolutionItems) = preProject
		docs\code-style-guide.md = docs\code-style-guide.md
		docs\edge-s.md = docs\edge-s.md
		docs\integration-testing.md = docs\integration-testing.md
		docs\localization-guide.md = docs\localization-guide.md
		docs\mail.md = docs\mail.md
		docs\modules.md = docs\modules.md
		docs\security-and-identity.md = docs\security-and-identity.md
		docs\target-platforms.md = docs\target-platforms.md
	EndProjectSection
EndProject
Project("{2150E333-8FDC-42A3-9474-1A3956D46DE8}") = "build", "build", "{D69C2133-1197-4FE8-808F-5376EE5BDF4A}"
	ProjectSection(SolutionItems) = preProject
		build\deploy.sh = build\deploy.sh
		build\package_basic.sh = build\package_basic.sh
		build\package_digitalocean.sh = build\package_digitalocean.sh
		build\package_publish.sh = build\package_publish.sh
		build\package_settings.sh = build\package_settings.sh
		build\publish-for-docker.sh = build\publish-for-docker.sh
		build\publish-modules.sh = build\publish-modules.sh
		build\publish-suite.ps1 = build\publish-suite.ps1
		build\publish-suite.sh = build\publish-suite.sh
		build\review.sh = build\review.sh
	EndProjectSection
EndProject
Project("{9A19103F-16F7-4668-BE54-9A1E7A4F7556}") = "Core.UiHosting", "src\Core.UiHosting\Core.UiHosting.csproj", "{3A5F62DA-0E0A-420D-B25F-C1CF81FA344C}"
EndProject
Project("{9A19103F-16F7-4668-BE54-9A1E7A4F7556}") = "Core.Deployment", "src\Core.Deployment\Core.Deployment.csproj", "{AB9378E1-4043-4912-B864-3B6CC02FEB6A}"
EndProject
Project("{2150E333-8FDC-42A3-9474-1A3956D46DE8}") = "deployments", "deployments", "{60D65BBA-8B5A-46F7-B008-FCB6BAA0D9A1}"
	ProjectSection(SolutionItems) = preProject
		deployments\initial-modules.basic.json = deployments\initial-modules.basic.json
		deployments\initial-modules.empty.json = deployments\initial-modules.empty.json
	EndProjectSection
EndProject
Project("{FAE04EC0-301F-11D3-BF4B-00C04F79EFBC}") = "Core.Shared.Tests", "tests\Core.Shared.Tests\Core.Shared.Tests.csproj", "{987F8660-B1A6-DFDE-C277-761819CB2742}"
EndProject
Global
	GlobalSection(SolutionConfigurationPlatforms) = preSolution
		Debug|Any CPU = Debug|Any CPU
		Release|Any CPU = Release|Any CPU
	EndGlobalSection
	GlobalSection(ProjectConfigurationPlatforms) = postSolution
		{D1C80A23-8C89-476C-B075-3CD4962AF006}.Debug|Any CPU.ActiveCfg = Debug|Any CPU
		{D1C80A23-8C89-476C-B075-3CD4962AF006}.Debug|Any CPU.Build.0 = Debug|Any CPU
		{D1C80A23-8C89-476C-B075-3CD4962AF006}.Release|Any CPU.ActiveCfg = Release|Any CPU
		{D1C80A23-8C89-476C-B075-3CD4962AF006}.Release|Any CPU.Build.0 = Release|Any CPU
		{E8EAB1C5-FABF-466D-A3C9-46C0B297177A}.Debug|Any CPU.ActiveCfg = Debug|Any CPU
		{E8EAB1C5-FABF-466D-A3C9-46C0B297177A}.Debug|Any CPU.Build.0 = Debug|Any CPU
		{E8EAB1C5-FABF-466D-A3C9-46C0B297177A}.Release|Any CPU.ActiveCfg = Release|Any CPU
		{E8EAB1C5-FABF-466D-A3C9-46C0B297177A}.Release|Any CPU.Build.0 = Release|Any CPU
		{6BD16979-0CBD-4E9F-8E9A-9517EF688A66}.Debug|Any CPU.ActiveCfg = Debug|Any CPU
		{6BD16979-0CBD-4E9F-8E9A-9517EF688A66}.Debug|Any CPU.Build.0 = Debug|Any CPU
		{6BD16979-0CBD-4E9F-8E9A-9517EF688A66}.Release|Any CPU.ActiveCfg = Release|Any CPU
		{6BD16979-0CBD-4E9F-8E9A-9517EF688A66}.Release|Any CPU.Build.0 = Release|Any CPU
		{941AF576-A8CB-47C2-8626-5AD4F8119052}.Debug|Any CPU.ActiveCfg = Debug|Any CPU
		{941AF576-A8CB-47C2-8626-5AD4F8119052}.Debug|Any CPU.Build.0 = Debug|Any CPU
		{941AF576-A8CB-47C2-8626-5AD4F8119052}.Release|Any CPU.ActiveCfg = Release|Any CPU
		{941AF576-A8CB-47C2-8626-5AD4F8119052}.Release|Any CPU.Build.0 = Release|Any CPU
		{81845765-DE3F-4E3A-B295-13CE1695AD16}.Debug|Any CPU.ActiveCfg = Debug|Any CPU
		{81845765-DE3F-4E3A-B295-13CE1695AD16}.Debug|Any CPU.Build.0 = Debug|Any CPU
		{81845765-DE3F-4E3A-B295-13CE1695AD16}.Release|Any CPU.ActiveCfg = Release|Any CPU
		{81845765-DE3F-4E3A-B295-13CE1695AD16}.Release|Any CPU.Build.0 = Release|Any CPU
		{B88E81A0-A70D-499D-96FF-D8AC98E13FEA}.Debug|Any CPU.ActiveCfg = Debug|Any CPU
		{B88E81A0-A70D-499D-96FF-D8AC98E13FEA}.Debug|Any CPU.Build.0 = Debug|Any CPU
		{B88E81A0-A70D-499D-96FF-D8AC98E13FEA}.Release|Any CPU.ActiveCfg = Release|Any CPU
		{B88E81A0-A70D-499D-96FF-D8AC98E13FEA}.Release|Any CPU.Build.0 = Release|Any CPU
		{FE748EC7-65D0-4982-B974-615AAC5D5AA5}.Debug|Any CPU.ActiveCfg = Debug|Any CPU
		{FE748EC7-65D0-4982-B974-615AAC5D5AA5}.Debug|Any CPU.Build.0 = Debug|Any CPU
		{FE748EC7-65D0-4982-B974-615AAC5D5AA5}.Release|Any CPU.ActiveCfg = Release|Any CPU
		{FE748EC7-65D0-4982-B974-615AAC5D5AA5}.Release|Any CPU.Build.0 = Release|Any CPU
		{A0BF6B17-5BBF-43FB-8BB5-FE243030A19E}.Debug|Any CPU.ActiveCfg = Debug|Any CPU
		{A0BF6B17-5BBF-43FB-8BB5-FE243030A19E}.Debug|Any CPU.Build.0 = Debug|Any CPU
		{A0BF6B17-5BBF-43FB-8BB5-FE243030A19E}.Release|Any CPU.ActiveCfg = Release|Any CPU
		{A0BF6B17-5BBF-43FB-8BB5-FE243030A19E}.Release|Any CPU.Build.0 = Release|Any CPU
		{5AE821E3-1AB9-4ECE-B0FB-2216AD2B2F35}.Debug|Any CPU.ActiveCfg = Debug|Any CPU
		{5AE821E3-1AB9-4ECE-B0FB-2216AD2B2F35}.Debug|Any CPU.Build.0 = Debug|Any CPU
		{5AE821E3-1AB9-4ECE-B0FB-2216AD2B2F35}.Release|Any CPU.ActiveCfg = Release|Any CPU
		{5AE821E3-1AB9-4ECE-B0FB-2216AD2B2F35}.Release|Any CPU.Build.0 = Release|Any CPU
		{77222F66-04D0-4B1D-BCF0-38D14E52B61D}.Debug|Any CPU.ActiveCfg = Debug|Any CPU
		{77222F66-04D0-4B1D-BCF0-38D14E52B61D}.Debug|Any CPU.Build.0 = Debug|Any CPU
		{77222F66-04D0-4B1D-BCF0-38D14E52B61D}.Release|Any CPU.ActiveCfg = Release|Any CPU
		{77222F66-04D0-4B1D-BCF0-38D14E52B61D}.Release|Any CPU.Build.0 = Release|Any CPU
		{7C7ECA34-F0EF-4A2C-BD8D-F68BBA03CBF6}.Debug|Any CPU.ActiveCfg = Debug|Any CPU
		{7C7ECA34-F0EF-4A2C-BD8D-F68BBA03CBF6}.Debug|Any CPU.Build.0 = Debug|Any CPU
		{7C7ECA34-F0EF-4A2C-BD8D-F68BBA03CBF6}.Release|Any CPU.ActiveCfg = Release|Any CPU
		{7C7ECA34-F0EF-4A2C-BD8D-F68BBA03CBF6}.Release|Any CPU.Build.0 = Release|Any CPU
		{D501F0C4-699D-4722-8511-2C833C5903D7}.Debug|Any CPU.ActiveCfg = Debug|Any CPU
		{D501F0C4-699D-4722-8511-2C833C5903D7}.Debug|Any CPU.Build.0 = Debug|Any CPU
		{D501F0C4-699D-4722-8511-2C833C5903D7}.Release|Any CPU.ActiveCfg = Release|Any CPU
		{D501F0C4-699D-4722-8511-2C833C5903D7}.Release|Any CPU.Build.0 = Release|Any CPU
		{0C372B23-ED6B-4CF9-9527-1B344AAF8CA4}.Debug|Any CPU.ActiveCfg = Debug|Any CPU
		{0C372B23-ED6B-4CF9-9527-1B344AAF8CA4}.Debug|Any CPU.Build.0 = Debug|Any CPU
		{0C372B23-ED6B-4CF9-9527-1B344AAF8CA4}.Release|Any CPU.ActiveCfg = Release|Any CPU
		{0C372B23-ED6B-4CF9-9527-1B344AAF8CA4}.Release|Any CPU.Build.0 = Release|Any CPU
		{72540C53-8C61-4FDB-9235-CF8F119D7387}.Debug|Any CPU.ActiveCfg = Debug|Any CPU
		{72540C53-8C61-4FDB-9235-CF8F119D7387}.Debug|Any CPU.Build.0 = Debug|Any CPU
		{72540C53-8C61-4FDB-9235-CF8F119D7387}.Release|Any CPU.ActiveCfg = Release|Any CPU
		{72540C53-8C61-4FDB-9235-CF8F119D7387}.Release|Any CPU.Build.0 = Release|Any CPU
		{4032E9A2-2AD6-407E-B4D4-6F1C603D71C9}.Debug|Any CPU.ActiveCfg = Debug|Any CPU
		{4032E9A2-2AD6-407E-B4D4-6F1C603D71C9}.Debug|Any CPU.Build.0 = Debug|Any CPU
		{4032E9A2-2AD6-407E-B4D4-6F1C603D71C9}.Release|Any CPU.ActiveCfg = Release|Any CPU
		{4032E9A2-2AD6-407E-B4D4-6F1C603D71C9}.Release|Any CPU.Build.0 = Release|Any CPU
		{1CAC8B4C-B083-4F2C-A8F1-76495BDB4A33}.Debug|Any CPU.ActiveCfg = Debug|Any CPU
		{1CAC8B4C-B083-4F2C-A8F1-76495BDB4A33}.Debug|Any CPU.Build.0 = Debug|Any CPU
		{1CAC8B4C-B083-4F2C-A8F1-76495BDB4A33}.Release|Any CPU.ActiveCfg = Release|Any CPU
		{1CAC8B4C-B083-4F2C-A8F1-76495BDB4A33}.Release|Any CPU.Build.0 = Release|Any CPU
		{000CE1FE-948B-4C79-B463-56A668D1E4F9}.Debug|Any CPU.ActiveCfg = Debug|Any CPU
		{000CE1FE-948B-4C79-B463-56A668D1E4F9}.Debug|Any CPU.Build.0 = Debug|Any CPU
		{000CE1FE-948B-4C79-B463-56A668D1E4F9}.Release|Any CPU.ActiveCfg = Release|Any CPU
		{000CE1FE-948B-4C79-B463-56A668D1E4F9}.Release|Any CPU.Build.0 = Release|Any CPU
		{BFD32E20-0A9F-4A26-8769-59B2A4C6369E}.Debug|Any CPU.ActiveCfg = Debug|Any CPU
		{BFD32E20-0A9F-4A26-8769-59B2A4C6369E}.Debug|Any CPU.Build.0 = Debug|Any CPU
		{BFD32E20-0A9F-4A26-8769-59B2A4C6369E}.Release|Any CPU.ActiveCfg = Release|Any CPU
		{BFD32E20-0A9F-4A26-8769-59B2A4C6369E}.Release|Any CPU.Build.0 = Release|Any CPU
		{84354D3B-C525-45C6-90CF-4F6DCD067F36}.Debug|Any CPU.ActiveCfg = Debug|Any CPU
		{84354D3B-C525-45C6-90CF-4F6DCD067F36}.Debug|Any CPU.Build.0 = Debug|Any CPU
		{84354D3B-C525-45C6-90CF-4F6DCD067F36}.Release|Any CPU.ActiveCfg = Release|Any CPU
		{84354D3B-C525-45C6-90CF-4F6DCD067F36}.Release|Any CPU.Build.0 = Release|Any CPU
		{6F582170-7423-4895-8E00-B9376A0E816D}.Debug|Any CPU.ActiveCfg = Debug|Any CPU
		{6F582170-7423-4895-8E00-B9376A0E816D}.Debug|Any CPU.Build.0 = Debug|Any CPU
		{6F582170-7423-4895-8E00-B9376A0E816D}.Release|Any CPU.ActiveCfg = Release|Any CPU
		{6F582170-7423-4895-8E00-B9376A0E816D}.Release|Any CPU.Build.0 = Release|Any CPU
		{2FD929C1-A5EC-4003-ADFB-E69FFCA6252C}.Debug|Any CPU.ActiveCfg = Debug|Any CPU
		{2FD929C1-A5EC-4003-ADFB-E69FFCA6252C}.Debug|Any CPU.Build.0 = Debug|Any CPU
		{2FD929C1-A5EC-4003-ADFB-E69FFCA6252C}.Release|Any CPU.ActiveCfg = Release|Any CPU
		{2FD929C1-A5EC-4003-ADFB-E69FFCA6252C}.Release|Any CPU.Build.0 = Release|Any CPU
		{39D94651-CDF6-4790-B43B-2DA9B9C4ACDD}.Debug|Any CPU.ActiveCfg = Debug|Any CPU
		{39D94651-CDF6-4790-B43B-2DA9B9C4ACDD}.Debug|Any CPU.Build.0 = Debug|Any CPU
		{39D94651-CDF6-4790-B43B-2DA9B9C4ACDD}.Release|Any CPU.ActiveCfg = Release|Any CPU
		{39D94651-CDF6-4790-B43B-2DA9B9C4ACDD}.Release|Any CPU.Build.0 = Release|Any CPU
		{777F64F0-3D1D-411C-8A1B-5BA54C3403B8}.Debug|Any CPU.ActiveCfg = Debug|Any CPU
		{777F64F0-3D1D-411C-8A1B-5BA54C3403B8}.Debug|Any CPU.Build.0 = Debug|Any CPU
		{777F64F0-3D1D-411C-8A1B-5BA54C3403B8}.Release|Any CPU.ActiveCfg = Release|Any CPU
		{777F64F0-3D1D-411C-8A1B-5BA54C3403B8}.Release|Any CPU.Build.0 = Release|Any CPU
		{0A00AFEB-246A-40A3-9BB7-E7D5B3CC9D73}.Debug|Any CPU.ActiveCfg = Debug|Any CPU
		{0A00AFEB-246A-40A3-9BB7-E7D5B3CC9D73}.Debug|Any CPU.Build.0 = Debug|Any CPU
		{0A00AFEB-246A-40A3-9BB7-E7D5B3CC9D73}.Release|Any CPU.ActiveCfg = Release|Any CPU
		{0A00AFEB-246A-40A3-9BB7-E7D5B3CC9D73}.Release|Any CPU.Build.0 = Release|Any CPU
		{DF516BB3-CAE9-4D2A-9244-924ACA3C703A}.Debug|Any CPU.ActiveCfg = Debug|Any CPU
		{DF516BB3-CAE9-4D2A-9244-924ACA3C703A}.Debug|Any CPU.Build.0 = Debug|Any CPU
		{DF516BB3-CAE9-4D2A-9244-924ACA3C703A}.Release|Any CPU.ActiveCfg = Release|Any CPU
		{DF516BB3-CAE9-4D2A-9244-924ACA3C703A}.Release|Any CPU.Build.0 = Release|Any CPU
		{656DBF2B-AE01-45EF-BA30-6CC9794E62A0}.Debug|Any CPU.ActiveCfg = Debug|Any CPU
		{656DBF2B-AE01-45EF-BA30-6CC9794E62A0}.Debug|Any CPU.Build.0 = Debug|Any CPU
		{656DBF2B-AE01-45EF-BA30-6CC9794E62A0}.Release|Any CPU.ActiveCfg = Release|Any CPU
		{656DBF2B-AE01-45EF-BA30-6CC9794E62A0}.Release|Any CPU.Build.0 = Release|Any CPU
		{DA0AAF47-A829-41B4-A48B-3ECD200D2BDD}.Debug|Any CPU.ActiveCfg = Debug|Any CPU
		{DA0AAF47-A829-41B4-A48B-3ECD200D2BDD}.Debug|Any CPU.Build.0 = Debug|Any CPU
		{DA0AAF47-A829-41B4-A48B-3ECD200D2BDD}.Release|Any CPU.ActiveCfg = Release|Any CPU
		{DA0AAF47-A829-41B4-A48B-3ECD200D2BDD}.Release|Any CPU.Build.0 = Release|Any CPU
		{3A5F62DA-0E0A-420D-B25F-C1CF81FA344C}.Debug|Any CPU.ActiveCfg = Debug|Any CPU
		{3A5F62DA-0E0A-420D-B25F-C1CF81FA344C}.Debug|Any CPU.Build.0 = Debug|Any CPU
		{3A5F62DA-0E0A-420D-B25F-C1CF81FA344C}.Release|Any CPU.ActiveCfg = Release|Any CPU
		{3A5F62DA-0E0A-420D-B25F-C1CF81FA344C}.Release|Any CPU.Build.0 = Release|Any CPU
		{AB9378E1-4043-4912-B864-3B6CC02FEB6A}.Debug|Any CPU.ActiveCfg = Debug|Any CPU
		{AB9378E1-4043-4912-B864-3B6CC02FEB6A}.Debug|Any CPU.Build.0 = Debug|Any CPU
		{AB9378E1-4043-4912-B864-3B6CC02FEB6A}.Release|Any CPU.ActiveCfg = Release|Any CPU
		{AB9378E1-4043-4912-B864-3B6CC02FEB6A}.Release|Any CPU.Build.0 = Release|Any CPU
		{987F8660-B1A6-DFDE-C277-761819CB2742}.Debug|Any CPU.ActiveCfg = Debug|Any CPU
		{987F8660-B1A6-DFDE-C277-761819CB2742}.Debug|Any CPU.Build.0 = Debug|Any CPU
		{987F8660-B1A6-DFDE-C277-761819CB2742}.Release|Any CPU.ActiveCfg = Release|Any CPU
		{987F8660-B1A6-DFDE-C277-761819CB2742}.Release|Any CPU.Build.0 = Release|Any CPU
	EndGlobalSection
	GlobalSection(SolutionProperties) = preSolution
		HideSolutionNode = FALSE
	EndGlobalSection
	GlobalSection(NestedProjects) = preSolution
		{D1C80A23-8C89-476C-B075-3CD4962AF006} = {F47393E4-6008-4642-BA2E-708BB07277AA}
		{E8EAB1C5-FABF-466D-A3C9-46C0B297177A} = {8FA3EC2B-EF18-4825-983F-6E5E3295E7E7}
		{6BD16979-0CBD-4E9F-8E9A-9517EF688A66} = {F47393E4-6008-4642-BA2E-708BB07277AA}
		{941AF576-A8CB-47C2-8626-5AD4F8119052} = {F47393E4-6008-4642-BA2E-708BB07277AA}
		{81845765-DE3F-4E3A-B295-13CE1695AD16} = {738A5745-017A-481B-9BDA-8CACF8D9F0E1}
		{B88E81A0-A70D-499D-96FF-D8AC98E13FEA} = {738A5745-017A-481B-9BDA-8CACF8D9F0E1}
		{FE748EC7-65D0-4982-B974-615AAC5D5AA5} = {738A5745-017A-481B-9BDA-8CACF8D9F0E1}
		{A0BF6B17-5BBF-43FB-8BB5-FE243030A19E} = {738A5745-017A-481B-9BDA-8CACF8D9F0E1}
		{5AE821E3-1AB9-4ECE-B0FB-2216AD2B2F35} = {0926EF74-1B88-44A5-AF1C-830153920DB6}
		{738A5745-017A-481B-9BDA-8CACF8D9F0E1} = {54C6AB57-1978-4DDE-82B2-D80AD2959796}
		{77222F66-04D0-4B1D-BCF0-38D14E52B61D} = {00B27F2E-FBAB-453A-BBF7-ECB8A140F856}
		{7C7ECA34-F0EF-4A2C-BD8D-F68BBA03CBF6} = {00B27F2E-FBAB-453A-BBF7-ECB8A140F856}
		{00B27F2E-FBAB-453A-BBF7-ECB8A140F856} = {8FA3EC2B-EF18-4825-983F-6E5E3295E7E7}
		{D501F0C4-699D-4722-8511-2C833C5903D7} = {0926EF74-1B88-44A5-AF1C-830153920DB6}
		{E3419719-FED5-47C7-B341-643846A57E47} = {54C6AB57-1978-4DDE-82B2-D80AD2959796}
		{0C372B23-ED6B-4CF9-9527-1B344AAF8CA4} = {E3419719-FED5-47C7-B341-643846A57E47}
		{72540C53-8C61-4FDB-9235-CF8F119D7387} = {E3419719-FED5-47C7-B341-643846A57E47}
		{4032E9A2-2AD6-407E-B4D4-6F1C603D71C9} = {E3419719-FED5-47C7-B341-643846A57E47}
		{1CAC8B4C-B083-4F2C-A8F1-76495BDB4A33} = {F47393E4-6008-4642-BA2E-708BB07277AA}
		{000CE1FE-948B-4C79-B463-56A668D1E4F9} = {F47393E4-6008-4642-BA2E-708BB07277AA}
		{BFD32E20-0A9F-4A26-8769-59B2A4C6369E} = {8FA3EC2B-EF18-4825-983F-6E5E3295E7E7}
		{84354D3B-C525-45C6-90CF-4F6DCD067F36} = {8FA3EC2B-EF18-4825-983F-6E5E3295E7E7}
		{6F582170-7423-4895-8E00-B9376A0E816D} = {8FA3EC2B-EF18-4825-983F-6E5E3295E7E7}
		{0926EF74-1B88-44A5-AF1C-830153920DB6} = {8FA3EC2B-EF18-4825-983F-6E5E3295E7E7}
		{2FD929C1-A5EC-4003-ADFB-E69FFCA6252C} = {F47393E4-6008-4642-BA2E-708BB07277AA}
		{39D94651-CDF6-4790-B43B-2DA9B9C4ACDD} = {3332F3AC-71AF-4C3C-879D-61CCDA550317}
		{777F64F0-3D1D-411C-8A1B-5BA54C3403B8} = {00B27F2E-FBAB-453A-BBF7-ECB8A140F856}
		{0A00AFEB-246A-40A3-9BB7-E7D5B3CC9D73} = {8FA3EC2B-EF18-4825-983F-6E5E3295E7E7}
		{DF516BB3-CAE9-4D2A-9244-924ACA3C703A} = {8FA3EC2B-EF18-4825-983F-6E5E3295E7E7}
		{656DBF2B-AE01-45EF-BA30-6CC9794E62A0} = {00B27F2E-FBAB-453A-BBF7-ECB8A140F856}
		{DA0AAF47-A829-41B4-A48B-3ECD200D2BDD} = {8FA3EC2B-EF18-4825-983F-6E5E3295E7E7}
		{BCB04763-BF60-40E4-B040-0F988EAED6A2} = {9345D226-9210-4332-9CF5-58F2DAFD44BD}
		{D69C2133-1197-4FE8-808F-5376EE5BDF4A} = {9345D226-9210-4332-9CF5-58F2DAFD44BD}
		{3A5F62DA-0E0A-420D-B25F-C1CF81FA344C} = {F47393E4-6008-4642-BA2E-708BB07277AA}
		{AB9378E1-4043-4912-B864-3B6CC02FEB6A} = {F47393E4-6008-4642-BA2E-708BB07277AA}
		{60D65BBA-8B5A-46F7-B008-FCB6BAA0D9A1} = {9345D226-9210-4332-9CF5-58F2DAFD44BD}
		{987F8660-B1A6-DFDE-C277-761819CB2742} = {8FA3EC2B-EF18-4825-983F-6E5E3295E7E7}
	EndGlobalSection
	GlobalSection(ExtensibilityGlobals) = postSolution
		SolutionGuid = {995BBEB9-5ACD-4236-9119-3AE57583683F}
	EndGlobalSection
EndGlobal
